
Microsoft Visual Studio Solution File, Format Version 12.00
# Visual Studio Version 17
VisualStudioVersion = 17.5.33627.172
MinimumVisualStudioVersion = 10.0.40219.1
Project("{FAE04EC0-301F-11D3-BF4B-00C04F79EFBC}") = "Assignment_PRN211_Slot17", "Assignment_PRN211_Slot17\Assignment_PRN211_Slot17.csproj", "{B6A60443-EA84-4AD9-BD88-20A4BA449C5D}"
EndProject
Global
	GlobalSection(SolutionConfigurationPlatforms) = preSolution
		Debug|Any CPU = Debug|Any CPU
		Release|Any CPU = Release|Any CPU
	EndGlobalSection
	GlobalSection(ProjectConfigurationPlatforms) = postSolution
		{B6A60443-EA84-4AD9-BD88-20A4BA449C5D}.Debug|Any CPU.ActiveCfg = Debug|Any CPU
		{B6A60443-EA84-4AD9-BD88-20A4BA449C5D}.Debug|Any CPU.Build.0 = Debug|Any CPU
		{B6A60443-EA84-4AD9-BD88-20A4BA449C5D}.Release|Any CPU.ActiveCfg = Release|Any CPU
		{B6A60443-EA84-4AD9-BD88-20A4BA449C5D}.Release|Any CPU.Build.0 = Release|Any CPU
	EndGlobalSection
	GlobalSection(SolutionProperties) = preSolution
		HideSolutionNode = FALSE
	EndGlobalSection
	GlobalSection(ExtensibilityGlobals) = postSolution
		SolutionGuid = {BABD56FF-28DB-42FB-82B0-0B2E010082EF}
	EndGlobalSection
EndGlobal
